
Microsoft Visual Studio Solution File, Format Version 12.00
# Visual Studio Version 16
VisualStudioVersion = 16.0.29230.47
MinimumVisualStudioVersion = 10.0.40219.1
Project("{FAE04EC0-301F-11D3-BF4B-00C04F79EFBC}") = "AspMvcCoreFull.App", "src\AspMvcCoreFull.App\AspMvcCoreFull.App.csproj", "{2BB5C22A-CFD1-4EC1-9424-D6F293B884E6}"
EndProject
Project("{FAE04EC0-301F-11D3-BF4B-00C04F79EFBC}") = "AspMvcCoreFull.Business", "src\AspMvcCoreFull.Business\AspMvcCoreFull.Business.csproj", "{8E66F74A-C215-4804-9F7D-C53BDC9A6F87}"
EndProject
Project("{FAE04EC0-301F-11D3-BF4B-00C04F79EFBC}") = "AspMvcCoreFull.Data", "src\AspMvcCoreFull.Data\AspMvcCoreFull.Data.csproj", "{293B85A5-A446-47BD-AE2E-520BDF7A0DFA}"
EndProject
Global
	GlobalSection(SolutionConfigurationPlatforms) = preSolution
		Debug|Any CPU = Debug|Any CPU
		Release|Any CPU = Release|Any CPU
	EndGlobalSection
	GlobalSection(ProjectConfigurationPlatforms) = postSolution
		{2BB5C22A-CFD1-4EC1-9424-D6F293B884E6}.Debug|Any CPU.ActiveCfg = Debug|Any CPU
		{2BB5C22A-CFD1-4EC1-9424-D6F293B884E6}.Debug|Any CPU.Build.0 = Debug|Any CPU
		{2BB5C22A-CFD1-4EC1-9424-D6F293B884E6}.Release|Any CPU.ActiveCfg = Release|Any CPU
		{2BB5C22A-CFD1-4EC1-9424-D6F293B884E6}.Release|Any CPU.Build.0 = Release|Any CPU
		{8E66F74A-C215-4804-9F7D-C53BDC9A6F87}.Debug|Any CPU.ActiveCfg = Debug|Any CPU
		{8E66F74A-C215-4804-9F7D-C53BDC9A6F87}.Debug|Any CPU.Build.0 = Debug|Any CPU
		{8E66F74A-C215-4804-9F7D-C53BDC9A6F87}.Release|Any CPU.ActiveCfg = Release|Any CPU
		{8E66F74A-C215-4804-9F7D-C53BDC9A6F87}.Release|Any CPU.Build.0 = Release|Any CPU
		{293B85A5-A446-47BD-AE2E-520BDF7A0DFA}.Debug|Any CPU.ActiveCfg = Debug|Any CPU
		{293B85A5-A446-47BD-AE2E-520BDF7A0DFA}.Debug|Any CPU.Build.0 = Debug|Any CPU
		{293B85A5-A446-47BD-AE2E-520BDF7A0DFA}.Release|Any CPU.ActiveCfg = Release|Any CPU
		{293B85A5-A446-47BD-AE2E-520BDF7A0DFA}.Release|Any CPU.Build.0 = Release|Any CPU
	EndGlobalSection
	GlobalSection(SolutionProperties) = preSolution
		HideSolutionNode = FALSE
	EndGlobalSection
	GlobalSection(ExtensibilityGlobals) = postSolution
		SolutionGuid = {839BD613-53F5-4E92-B022-B60E8E0523A1}
	EndGlobalSection
EndGlobal
